[0;90m22:29:40.840[0m [0;37mSTDOUT[0m [0;36mterraform: [0m[0m[1mmodule.wrapper["test-lambda-hash-demo-2"].data.external.archive_prepare[0]: Reading...[0m[0m[0m
[0;90m22:29:40.988[0m [0;37mSTDOUT[0m [0;36mterraform: [0m[0m[1mmodule.wrapper["test-lambda-hash-demo-2"].data.external.archive_prepare[0]: Read complete after 0s [id=-][0m[0m
[0;90m22:29:40.991[0m [0;37mSTDOUT[0m [0;36mterraform: [0m[0m[1mmodule.wrapper["test-lambda-hash-demo-2"].local_file.archive_plan[0]: Refreshing state... [id=eb65c64dae16b3da1cd586c4b84e9fd2f1a11102][0m[0m
[0;90m22:29:40.997[0m [0;37mSTDOUT[0m [0;36mterraform: [0m[0m[1mmodule.wrapper["test-lambda-hash-demo-2"].null_resource.archive[0]: Refreshing state... [id=7815978503080516388][0m[0m
[0;90m22:29:41.372[0m [0;37mSTDOUT[0m [0;36mterraform: [0m[0m[1mmodule.wrapper["test-lambda-hash-demo-2"].data.aws_region.current: Reading...[0m[0m[0m
[0;90m22:29:41.372[0m [0;37mSTDOUT[0m [0;36mterraform: [0m[0m[1mmodule.wrapper["test-lambda-hash-demo-2"].data.aws_iam_policy_document.assume_role[0]: Reading...[0m[0m[0m
[0;90m22:29:41.372[0m [0;37mSTDOUT[0m [0;36mterraform: [0m[0m[1mmodule.wrapper["test-lambda-hash-demo-2"].data.aws_caller_identity.current: Reading...[0m[0m[0m
[0;90m22:29:41.372[0m [0;37mSTDOUT[0m [0;36mterraform: [0m[0m[1mmodule.wrapper["test-lambda-hash-demo-2"].data.aws_partition.current: Reading...[0m[0m[0m
[0;90m22:29:41.373[0m [0;37mSTDOUT[0m [0;36mterraform: [0m[0m[1mmodule.wrapper["test-lambda-hash-demo-2"].data.aws_region.current: Read complete after 0s [id=us-east-1][0m[0m
[0;90m22:29:41.373[0m [0;37mSTDOUT[0m [0;36mterraform: [0m[0m[1mmodule.wrapper["test-lambda-hash-demo-2"].data.aws_partition.current: Read complete after 0s [id=aws][0m[0m
[0;90m22:29:41.373[0m [0;37mSTDOUT[0m [0;36mterraform: [0m[0m[1mmodule.wrapper["test-lambda-hash-demo-2"].data.aws_iam_policy_document.assume_role[0]: Read complete after 0s [id=2690255455][0m[0m
[0;90m22:29:41.479[0m [0;37mSTDOUT[0m [0;36mterraform: [0m[0m[1mmodule.wrapper["test-lambda-hash-demo-2"].data.aws_caller_identity.current: Read complete after 0s [id=904233119504][0m[0m
[0;90m22:29:41.604[0m [0;37mSTDOUT[0m [0;36mterraform: [0mTerraform used the selected providers to generate the following execution
[0;90m22:29:41.605[0m [0;37mSTDOUT[0m [0;36mterraform: [0mplan. Resource actions are indicated with the following symbols:
[0;90m22:29:41.605[0m [0;37mSTDOUT[0m [0;36mterraform: [0m  [32m+[0m create[0m[0m
[0;90m22:29:41.605[0m [0;37mSTDOUT[0m [0;36mterraform: [0m [36m<=[0m read (data resources)[0m[0m
[0;90m22:29:41.605[0m [0;37mSTDOUT[0m [0;36mterraform: [0mTerraform will perform the following actions:
[0;90m22:29:41.605[0m [0;37mSTDOUT[0m [0;36mterraform: [0m[1m  # module.wrapper["test-lambda-hash-demo-2"].data.aws_iam_policy_document.logs[0][0m will be read during apply[0m
[0;90m22:29:41.605[0m [0;37mSTDOUT[0m [0;36mterraform: [0m  # (config refers to values not yet known)
[0;90m22:29:41.605[0m [0;37mSTDOUT[0m [0;36mterraform: [0m[0m [36m<=[0m[0m data "aws_iam_policy_document" "logs" {[0m
[0;90m22:29:41.605[0m [0;37mSTDOUT[0m [0;36mterraform: [0m      [32m+[0m[0m id            = (known after apply)[0m
[0;90m22:29:41.605[0m [0;37mSTDOUT[0m [0;36mterraform: [0m      [32m+[0m[0m json          = (known after apply)[0m
[0;90m22:29:41.605[0m [0;37mSTDOUT[0m [0;36mterraform: [0m      [32m+[0m[0m minified_json = (known after apply)[0m
[0;90m22:29:41.605[0m [0;37mSTDOUT[0m [0;36mterraform: [0m      [32m+[0m[0m statement {[0m
[0;90m22:29:41.605[0m [0;37mSTDOUT[0m [0;36mterraform: [0m          [32m+[0m[0m actions   = [[0m
[0;90m22:29:41.605[0m [0;37mSTDOUT[0m [0;36mterraform: [0m              [32m+[0m[0m "logs:CreateLogGroup",[0m
[0;90m22:29:41.605[0m [0;37mSTDOUT[0m [0;36mterraform: [0m              [32m+[0m[0m "logs:CreateLogStream",[0m
[0;90m22:29:41.605[0m [0;37mSTDOUT[0m [0;36mterraform: [0m              [32m+[0m[0m "logs:PutLogEvents",[0m
[0;90m22:29:41.605[0m [0;37mSTDOUT[0m [0;36mterraform: [0m            ]
[0;90m22:29:41.605[0m [0;37mSTDOUT[0m [0;36mterraform: [0m          [32m+[0m[0m effect    = "Allow"[0m
[0;90m22:29:41.605[0m [0;37mSTDOUT[0m [0;36mterraform: [0m          [32m+[0m[0m resources = [[0m
[0;90m22:29:41.605[0m [0;37mSTDOUT[0m [0;36mterraform: [0m              [32m+[0m[0m (known after apply),[0m
[0;90m22:29:41.605[0m [0;37mSTDOUT[0m [0;36mterraform: [0m              [32m+[0m[0m (known after apply),[0m
[0;90m22:29:41.605[0m [0;37mSTDOUT[0m [0;36mterraform: [0m            ]
[0;90m22:29:41.605[0m [0;37mSTDOUT[0m [0;36mterraform: [0m        }
[0;90m22:29:41.605[0m [0;37mSTDOUT[0m [0;36mterraform: [0m    }
[0;90m22:29:41.605[0m [0;37mSTDOUT[0m [0;36mterraform: [0m[1m  # module.wrapper["test-lambda-hash-demo-2"].aws_cloudwatch_log_group.lambda[0][0m will be created[0m
[0;90m22:29:41.605[0m [0;37mSTDOUT[0m [0;36mterraform: [0m[0m  [32m+[0m[0m resource "aws_cloudwatch_log_group" "lambda" {[0m
[0;90m22:29:41.605[0m [0;37mSTDOUT[0m [0;36mterraform: [0m      [32m+[0m[0m arn               = (known after apply)[0m
[0;90m22:29:41.605[0m [0;37mSTDOUT[0m [0;36mterraform: [0m      [32m+[0m[0m id                = (known after apply)[0m
[0;90m22:29:41.605[0m [0;37mSTDOUT[0m [0;36mterraform: [0m      [32m+[0m[0m log_group_class   = (known after apply)[0m
[0;90m22:29:41.605[0m [0;37mSTDOUT[0m [0;36mterraform: [0m      [32m+[0m[0m name              = "/aws/lambda/test-lambda-hash-demo-2"[0m
[0;90m22:29:41.605[0m [0;37mSTDOUT[0m [0;36mterraform: [0m      [32m+[0m[0m name_prefix       = (known after apply)[0m
[0;90m22:29:41.605[0m [0;37mSTDOUT[0m [0;36mterraform: [0m      [32m+[0m[0m region            = "us-east-1"[0m
[0;90m22:29:41.605[0m [0;37mSTDOUT[0m [0;36mterraform: [0m      [32m+[0m[0m retention_in_days = 7[0m
[0;90m22:29:41.606[0m [0;37mSTDOUT[0m [0;36mterraform: [0m      [32m+[0m[0m skip_destroy      = false[0m
[0;90m22:29:41.606[0m [0;37mSTDOUT[0m [0;36mterraform: [0m      [32m+[0m[0m tags              = {[0m
[0;90m22:29:41.606[0m [0;37mSTDOUT[0m [0;36mterraform: [0m          [32m+[0m[0m "Component"   = "lambda"[0m
[0;90m22:29:41.606[0m [0;37mSTDOUT[0m [0;36mterraform: [0m          [32m+[0m[0m "Environment" = "dev"[0m
[0;90m22:29:41.606[0m [0;37mSTDOUT[0m [0;36mterraform: [0m          [32m+[0m[0m "ManagedBy"   = "terragrunt"[0m
[0;90m22:29:41.606[0m [0;37mSTDOUT[0m [0;36mterraform: [0m          [32m+[0m[0m "Project"     = "test-project"[0m
[0;90m22:29:41.606[0m [0;37mSTDOUT[0m [0;36mterraform: [0m        }
[0;90m22:29:41.606[0m [0;37mSTDOUT[0m [0;36mterraform: [0m      [32m+[0m[0m tags_all          = {[0m
[0;90m22:29:41.606[0m [0;37mSTDOUT[0m [0;36mterraform: [0m          [32m+[0m[0m "Component"   = "lambda"[0m
[0;90m22:29:41.606[0m [0;37mSTDOUT[0m [0;36mterraform: [0m          [32m+[0m[0m "Environment" = "dev"[0m
[0;90m22:29:41.606[0m [0;37mSTDOUT[0m [0;36mterraform: [0m          [32m+[0m[0m "ManagedBy"   = "terragrunt"[0m
[0;90m22:29:41.606[0m [0;37mSTDOUT[0m [0;36mterraform: [0m          [32m+[0m[0m "Project"     = "test-project"[0m
[0;90m22:29:41.606[0m [0;37mSTDOUT[0m [0;36mterraform: [0m        }
[0;90m22:29:41.606[0m [0;37mSTDOUT[0m [0;36mterraform: [0m    }
[0;90m22:29:41.606[0m [0;37mSTDOUT[0m [0;36mterraform: [0m[1m  # module.wrapper["test-lambda-hash-demo-2"].aws_iam_role.lambda[0][0m will be created[0m
[0;90m22:29:41.606[0m [0;37mSTDOUT[0m [0;36mterraform: [0m[0m  [32m+[0m[0m resource "aws_iam_role" "lambda" {[0m
[0;90m22:29:41.606[0m [0;37mSTDOUT[0m [0;36mterraform: [0m      [32m+[0m[0m arn                   = (known after apply)[0m
[0;90m22:29:41.606[0m [0;37mSTDOUT[0m [0;36mterraform: [0m      [32m+[0m[0m assume_role_policy    = jsonencode([0m
[0;90m22:29:41.606[0m [0;37mSTDOUT[0m [0;36mterraform: [0m            {
[0;90m22:29:41.606[0m [0;37mSTDOUT[0m [0;36mterraform: [0m              [32m+[0m[0m Statement = [[0m
[0;90m22:29:41.606[0m [0;37mSTDOUT[0m [0;36mterraform: [0m                  [32m+[0m[0m {[0m
[0;90m22:29:41.606[0m [0;37mSTDOUT[0m [0;36mterraform: [0m                      [32m+[0m[0m Action    = "sts:AssumeRole"[0m
[0;90m22:29:41.606[0m [0;37mSTDOUT[0m [0;36mterraform: [0m                      [32m+[0m[0m Effect    = "Allow"[0m
[0;90m22:29:41.606[0m [0;37mSTDOUT[0m [0;36mterraform: [0m                      [32m+[0m[0m Principal = {[0m
[0;90m22:29:41.606[0m [0;37mSTDOUT[0m [0;36mterraform: [0m                          [32m+[0m[0m Service = "lambda.amazonaws.com"[0m
[0;90m22:29:41.606[0m [0;37mSTDOUT[0m [0;36mterraform: [0m                        }
[0;90m22:29:41.606[0m [0;37mSTDOUT[0m [0;36mterraform: [0m                    },
[0;90m22:29:41.606[0m [0;37mSTDOUT[0m [0;36mterraform: [0m                ]
[0;90m22:29:41.606[0m [0;37mSTDOUT[0m [0;36mterraform: [0m              [32m+[0m[0m Version   = "2012-10-17"[0m
[0;90m22:29:41.606[0m [0;37mSTDOUT[0m [0;36mterraform: [0m            }
[0;90m22:29:41.606[0m [0;37mSTDOUT[0m [0;36mterraform: [0m        )
[0;90m22:29:41.606[0m [0;37mSTDOUT[0m [0;36mterraform: [0m      [32m+[0m[0m create_date           = (known after apply)[0m
[0;90m22:29:41.606[0m [0;37mSTDOUT[0m [0;36mterraform: [0m      [32m+[0m[0m force_detach_policies = true[0m
[0;90m22:29:41.606[0m [0;37mSTDOUT[0m [0;36mterraform: [0m      [32m+[0m[0m id                    = (known after apply)[0m
[0;90m22:29:41.606[0m [0;37mSTDOUT[0m [0;36mterraform: [0m      [32m+[0m[0m managed_policy_arns   = (known after apply)[0m
[0;90m22:29:41.606[0m [0;37mSTDOUT[0m [0;36mterraform: [0m      [32m+[0m[0m max_session_duration  = 3600[0m
[0;90m22:29:41.606[0m [0;37mSTDOUT[0m [0;36mterraform: [0m      [32m+[0m[0m name                  = "test-lambda-hash-demo-2"[0m
[0;90m22:29:41.606[0m [0;37mSTDOUT[0m [0;36mterraform: [0m      [32m+[0m[0m name_prefix           = (known after apply)[0m
[0;90m22:29:41.606[0m [0;37mSTDOUT[0m [0;36mterraform: [0m      [32m+[0m[0m path                  = "/"[0m
[0;90m22:29:41.606[0m [0;37mSTDOUT[0m [0;36mterraform: [0m      [32m+[0m[0m tags                  = {[0m
[0;90m22:29:41.606[0m [0;37mSTDOUT[0m [0;36mterraform: [0m          [32m+[0m[0m "Component"   = "lambda"[0m
[0;90m22:29:41.606[0m [0;37mSTDOUT[0m [0;36mterraform: [0m          [32m+[0m[0m "Environment" = "dev"[0m
[0;90m22:29:41.606[0m [0;37mSTDOUT[0m [0;36mterraform: [0m          [32m+[0m[0m "ManagedBy"   = "terragrunt"[0m
[0;90m22:29:41.606[0m [0;37mSTDOUT[0m [0;36mterraform: [0m          [32m+[0m[0m "Project"     = "test-project"[0m
[0;90m22:29:41.606[0m [0;37mSTDOUT[0m [0;36mterraform: [0m        }
[0;90m22:29:41.606[0m [0;37mSTDOUT[0m [0;36mterraform: [0m      [32m+[0m[0m tags_all              = {[0m
[0;90m22:29:41.606[0m [0;37mSTDOUT[0m [0;36mterraform: [0m          [32m+[0m[0m "Component"   = "lambda"[0m
[0;90m22:29:41.606[0m [0;37mSTDOUT[0m [0;36mterraform: [0m          [32m+[0m[0m "Environment" = "dev"[0m
[0;90m22:29:41.606[0m [0;37mSTDOUT[0m [0;36mterraform: [0m          [32m+[0m[0m "ManagedBy"   = "terragrunt"[0m
[0;90m22:29:41.606[0m [0;37mSTDOUT[0m [0;36mterraform: [0m          [32m+[0m[0m "Project"     = "test-project"[0m
[0;90m22:29:41.606[0m [0;37mSTDOUT[0m [0;36mterraform: [0m        }
[0;90m22:29:41.606[0m [0;37mSTDOUT[0m [0;36mterraform: [0m      [32m+[0m[0m unique_id             = (known after apply)[0m
[0;90m22:29:41.606[0m [0;37mSTDOUT[0m [0;36mterraform: [0m      [32m+[0m[0m inline_policy (known after apply)[0m
[0;90m22:29:41.606[0m [0;37mSTDOUT[0m [0;36mterraform: [0m    }
[0;90m22:29:41.606[0m [0;37mSTDOUT[0m [0;36mterraform: [0m[1m  # module.wrapper["test-lambda-hash-demo-2"].aws_iam_role_policy.logs[0][0m will be created[0m
[0;90m22:29:41.606[0m [0;37mSTDOUT[0m [0;36mterraform: [0m[0m  [32m+[0m[0m resource "aws_iam_role_policy" "logs" {[0m
[0;90m22:29:41.606[0m [0;37mSTDOUT[0m [0;36mterraform: [0m      [32m+[0m[0m id          = (known after apply)[0m
[0;90m22:29:41.606[0m [0;37mSTDOUT[0m [0;36mterraform: [0m      [32m+[0m[0m name        = "test-lambda-hash-demo-2-logs"[0m
[0;90m22:29:41.606[0m [0;37mSTDOUT[0m [0;36mterraform: [0m      [32m+[0m[0m name_prefix = (known after apply)[0m
[0;90m22:29:41.606[0m [0;37mSTDOUT[0m [0;36mterraform: [0m      [32m+[0m[0m policy      = (known after apply)[0m
[0;90m22:29:41.606[0m [0;37mSTDOUT[0m [0;36mterraform: [0m      [32m+[0m[0m role        = "test-lambda-hash-demo-2"[0m
[0;90m22:29:41.606[0m [0;37mSTDOUT[0m [0;36mterraform: [0m    }
[0;90m22:29:41.606[0m [0;37mSTDOUT[0m [0;36mterraform: [0m[1m  # module.wrapper["test-lambda-hash-demo-2"].aws_lambda_function.this[0][0m will be created[0m
[0;90m22:29:41.606[0m [0;37mSTDOUT[0m [0;36mterraform: [0m[0m  [32m+[0m[0m resource "aws_lambda_function" "this" {[0m
[0;90m22:29:41.607[0m [0;37mSTDOUT[0m [0;36mterraform: [0m      [32m+[0m[0m architectures                  = (known after apply)[0m
[0;90m22:29:41.607[0m [0;37mSTDOUT[0m [0;36mterraform: [0m      [32m+[0m[0m arn                            = (known after apply)[0m
[0;90m22:29:41.607[0m [0;37mSTDOUT[0m [0;36mterraform: [0m      [32m+[0m[0m code_sha256                    = (known after apply)[0m
[0;90m22:29:41.607[0m [0;37mSTDOUT[0m [0;36mterraform: [0m      [32m+[0m[0m description                    = "Test Lambda function to demonstrate hash generation"[0m
[0;90m22:29:41.607[0m [0;37mSTDOUT[0m [0;36mterraform: [0m      [32m+[0m[0m filename                       = "builds/4c4e41660762d7d38a6b98166ea2d89be01c10a4a1aa08fc8ada482d59b2db90.zip"[0m
[0;90m22:29:41.607[0m [0;37mSTDOUT[0m [0;36mterraform: [0m      [32m+[0m[0m function_name                  = "test-lambda-hash-demo-2"[0m
[0;90m22:29:41.607[0m [0;37mSTDOUT[0m [0;36mterraform: [0m      [32m+[0m[0m handler                        = "test-lambda.lambda_handler"[0m
[0;90m22:29:41.607[0m [0;37mSTDOUT[0m [0;36mterraform: [0m      [32m+[0m[0m id                             = (known after apply)[0m
[0;90m22:29:41.607[0m [0;37mSTDOUT[0m [0;36mterraform: [0m      [32m+[0m[0m invoke_arn                     = (known after apply)[0m
[0;90m22:29:41.607[0m [0;37mSTDOUT[0m [0;36mterraform: [0m      [32m+[0m[0m last_modified                  = (known after apply)[0m
[0;90m22:29:41.607[0m [0;37mSTDOUT[0m [0;36mterraform: [0m      [32m+[0m[0m memory_size                    = 128[0m
[0;90m22:29:41.607[0m [0;37mSTDOUT[0m [0;36mterraform: [0m      [32m+[0m[0m package_type                   = "Zip"[0m
[0;90m22:29:41.607[0m [0;37mSTDOUT[0m [0;36mterraform: [0m      [32m+[0m[0m publish                        = false[0m
[0;90m22:29:41.607[0m [0;37mSTDOUT[0m [0;36mterraform: [0m      [32m+[0m[0m qualified_arn                  = (known after apply)[0m
[0;90m22:29:41.607[0m [0;37mSTDOUT[0m [0;36mterraform: [0m      [32m+[0m[0m qualified_invoke_arn           = (known after apply)[0m
[0;90m22:29:41.607[0m [0;37mSTDOUT[0m [0;36mterraform: [0m      [32m+[0m[0m region                         = "us-east-1"[0m
[0;90m22:29:41.607[0m [0;37mSTDOUT[0m [0;36mterraform: [0m      [32m+[0m[0m reserved_concurrent_executions = -1[0m
[0;90m22:29:41.607[0m [0;37mSTDOUT[0m [0;36mterraform: [0m      [32m+[0m[0m role                           = (known after apply)[0m
[0;90m22:29:41.607[0m [0;37mSTDOUT[0m [0;36mterraform: [0m      [32m+[0m[0m runtime                        = "python3.9"[0m
[0;90m22:29:41.607[0m [0;37mSTDOUT[0m [0;36mterraform: [0m      [32m+[0m[0m signing_job_arn                = (known after apply)[0m
[0;90m22:29:41.607[0m [0;37mSTDOUT[0m [0;36mterraform: [0m      [32m+[0m[0m signing_profile_version_arn    = (known after apply)[0m
[0;90m22:29:41.607[0m [0;37mSTDOUT[0m [0;36mterraform: [0m      [32m+[0m[0m skip_destroy                   = false[0m
[0;90m22:29:41.607[0m [0;37mSTDOUT[0m [0;36mterraform: [0m      [32m+[0m[0m source_code_hash               = "ltUMOB3vu6CwNGLLm5WqQ/qKgkE9VXdSvnnQkmyZaaY="[0m
[0;90m22:29:41.607[0m [0;37mSTDOUT[0m [0;36mterraform: [0m      [32m+[0m[0m source_code_size               = (known after apply)[0m
[0;90m22:29:41.607[0m [0;37mSTDOUT[0m [0;36mterraform: [0m      [32m+[0m[0m tags                           = {[0m
[0;90m22:29:41.607[0m [0;37mSTDOUT[0m [0;36mterraform: [0m          [32m+[0m[0m "Component"             = "lambda"[0m
[0;90m22:29:41.607[0m [0;37mSTDOUT[0m [0;36mterraform: [0m          [32m+[0m[0m "Environment"           = "dev"[0m
[0;90m22:29:41.607[0m [0;37mSTDOUT[0m [0;36mterraform: [0m          [32m+[0m[0m "ManagedBy"             = "terragrunt"[0m
[0;90m22:29:41.607[0m [0;37mSTDOUT[0m [0;36mterraform: [0m          [32m+[0m[0m "Project"               = "test-project"[0m
[0;90m22:29:41.607[0m [0;37mSTDOUT[0m [0;36mterraform: [0m          [32m+[0m[0m "terraform-aws-modules" = "lambda"[0m
[0;90m22:29:41.607[0m [0;37mSTDOUT[0m [0;36mterraform: [0m        }
[0;90m22:29:41.607[0m [0;37mSTDOUT[0m [0;36mterraform: [0m      [32m+[0m[0m tags_all                       = {[0m
[0;90m22:29:41.607[0m [0;37mSTDOUT[0m [0;36mterraform: [0m          [32m+[0m[0m "Component"             = "lambda"[0m
[0;90m22:29:41.607[0m [0;37mSTDOUT[0m [0;36mterraform: [0m          [32m+[0m[0m "Environment"           = "dev"[0m
[0;90m22:29:41.607[0m [0;37mSTDOUT[0m [0;36mterraform: [0m          [32m+[0m[0m "ManagedBy"             = "terragrunt"[0m
[0;90m22:29:41.607[0m [0;37mSTDOUT[0m [0;36mterraform: [0m          [32m+[0m[0m "Project"               = "test-project"[0m
[0;90m22:29:41.607[0m [0;37mSTDOUT[0m [0;36mterraform: [0m          [32m+[0m[0m "terraform-aws-modules" = "lambda"[0m
[0;90m22:29:41.607[0m [0;37mSTDOUT[0m [0;36mterraform: [0m        }
[0;90m22:29:41.607[0m [0;37mSTDOUT[0m [0;36mterraform: [0m      [32m+[0m[0m timeout                        = 30[0m
[0;90m22:29:41.607[0m [0;37mSTDOUT[0m [0;36mterraform: [0m      [32m+[0m[0m version                        = (known after apply)[0m
[0;90m22:29:41.607[0m [0;37mSTDOUT[0m [0;36mterraform: [0m      [32m+[0m[0m ephemeral_storage {[0m
[0;90m22:29:41.607[0m [0;37mSTDOUT[0m [0;36mterraform: [0m          [32m+[0m[0m size = 512[0m
[0;90m22:29:41.607[0m [0;37mSTDOUT[0m [0;36mterraform: [0m        }
[0;90m22:29:41.607[0m [0;37mSTDOUT[0m [0;36mterraform: [0m      [32m+[0m[0m logging_config {[0m
[0;90m22:29:41.607[0m [0;37mSTDOUT[0m [0;36mterraform: [0m          [32m+[0m[0m log_format = "Text"[0m
[0;90m22:29:41.607[0m [0;37mSTDOUT[0m [0;36mterraform: [0m          [32m+[0m[0m log_group  = (known after apply)[0m
[0;90m22:29:41.607[0m [0;37mSTDOUT[0m [0;36mterraform: [0m        }
[0;90m22:29:41.607[0m [0;37mSTDOUT[0m [0;36mterraform: [0m      [32m+[0m[0m tracing_config (known after apply)[0m
[0;90m22:29:41.607[0m [0;37mSTDOUT[0m [0;36mterraform: [0m    }
[0;90m22:29:41.607[0m [0;37mSTDOUT[0m [0;36mterraform: [0m[1mPlan:[0m 4 to add, 0 to change, 0 to destroy.[0m
[0;90m22:29:41.608[0m [0;37mSTDOUT[0m [0;36mterraform: [0m[0m[0m
[0;90m22:29:41.608[0m [0;37mSTDOUT[0m [0;36mterraform: [0mChanges to Outputs:
[0;90m22:29:41.608[0m [0;37mSTDOUT[0m [0;36mterraform: [0m  [32m+[0m[0m wrapper = {[0m
[0;90m22:29:41.608[0m [0;37mSTDOUT[0m [0;36mterraform: [0m      [32m+[0m[0m test-lambda-hash-demo-2 = {[0m
[0;90m22:29:41.608[0m [0;37mSTDOUT[0m [0;36mterraform: [0m          [32m+[0m[0m lambda_cloudwatch_log_group_arn                     = (known after apply)[0m
[0;90m22:29:41.608[0m [0;37mSTDOUT[0m [0;36mterraform: [0m          [32m+[0m[0m lambda_cloudwatch_log_group_name                    = "/aws/lambda/test-lambda-hash-demo-2"[0m
[0;90m22:29:41.608[0m [0;37mSTDOUT[0m [0;36mterraform: [0m          [32m+[0m[0m lambda_event_source_mapping_arn                     = {}[0m
[0;90m22:29:41.608[0m [0;37mSTDOUT[0m [0;36mterraform: [0m          [32m+[0m[0m lambda_event_source_mapping_function_arn            = {}[0m
[0;90m22:29:41.608[0m [0;37mSTDOUT[0m [0;36mterraform: [0m          [32m+[0m[0m lambda_event_source_mapping_state                   = {}[0m
[0;90m22:29:41.608[0m [0;37mSTDOUT[0m [0;36mterraform: [0m          [32m+[0m[0m lambda_event_source_mapping_state_transition_reason = {}[0m
[0;90m22:29:41.608[0m [0;37mSTDOUT[0m [0;36mterraform: [0m          [32m+[0m[0m lambda_event_source_mapping_uuid                    = {}[0m
[0;90m22:29:41.608[0m [0;37mSTDOUT[0m [0;36mterraform: [0m          [32m+[0m[0m lambda_function_arn                                 = (known after apply)[0m
[0;90m22:29:41.608[0m [0;37mSTDOUT[0m [0;36mterraform: [0m          [32m+[0m[0m lambda_function_arn_static                          = "arn:aws:lambda:us-east-1:904233119504:function:test-lambda-hash-demo-2"[0m
[0;90m22:29:41.608[0m [0;37mSTDOUT[0m [0;36mterraform: [0m          [32m+[0m[0m lambda_function_invoke_arn                          = (known after apply)[0m
[0;90m22:29:41.608[0m [0;37mSTDOUT[0m [0;36mterraform: [0m          [32m+[0m[0m lambda_function_kms_key_arn                         = [90mnull[0m[0m[0m
[0;90m22:29:41.608[0m [0;37mSTDOUT[0m [0;36mterraform: [0m          [32m+[0m[0m lambda_function_last_modified                       = (known after apply)[0m
[0;90m22:29:41.608[0m [0;37mSTDOUT[0m [0;36mterraform: [0m          [32m+[0m[0m lambda_function_name                                = "test-lambda-hash-demo-2"[0m
[0;90m22:29:41.608[0m [0;37mSTDOUT[0m [0;36mterraform: [0m          [32m+[0m[0m lambda_function_qualified_arn                       = (known after apply)[0m
[0;90m22:29:41.608[0m [0;37mSTDOUT[0m [0;36mterraform: [0m          [32m+[0m[0m lambda_function_qualified_invoke_arn                = (known after apply)[0m
[0;90m22:29:41.608[0m [0;37mSTDOUT[0m [0;36mterraform: [0m          [32m+[0m[0m lambda_function_signing_job_arn                     = (known after apply)[0m
[0;90m22:29:41.608[0m [0;37mSTDOUT[0m [0;36mterraform: [0m          [32m+[0m[0m lambda_function_signing_profile_version_arn         = (known after apply)[0m
[0;90m22:29:41.608[0m [0;37mSTDOUT[0m [0;36mterraform: [0m          [32m+[0m[0m lambda_function_source_code_hash                    = "ltUMOB3vu6CwNGLLm5WqQ/qKgkE9VXdSvnnQkmyZaaY="[0m
[0;90m22:29:41.608[0m [0;37mSTDOUT[0m [0;36mterraform: [0m          [32m+[0m[0m lambda_function_source_code_size                    = (known after apply)[0m
[0;90m22:29:41.608[0m [0;37mSTDOUT[0m [0;36mterraform: [0m          [32m+[0m[0m lambda_function_url                                 = ""[0m
[0;90m22:29:41.608[0m [0;37mSTDOUT[0m [0;36mterraform: [0m          [32m+[0m[0m lambda_function_url_id                              = ""[0m
[0;90m22:29:41.608[0m [0;37mSTDOUT[0m [0;36mterraform: [0m          [32m+[0m[0m lambda_function_version                             = (known after apply)[0m
[0;90m22:29:41.608[0m [0;37mSTDOUT[0m [0;36mterraform: [0m          [32m+[0m[0m lambda_layer_arn                                    = ""[0m
[0;90m22:29:41.608[0m [0;37mSTDOUT[0m [0;36mterraform: [0m          [32m+[0m[0m lambda_layer_created_date                           = ""[0m
[0;90m22:29:41.608[0m [0;37mSTDOUT[0m [0;36mterraform: [0m          [32m+[0m[0m lambda_layer_layer_arn                              = ""[0m
[0;90m22:29:41.608[0m [0;37mSTDOUT[0m [0;36mterraform: [0m          [32m+[0m[0m lambda_layer_source_code_size                       = ""[0m
[0;90m22:29:41.608[0m [0;37mSTDOUT[0m [0;36mterraform: [0m          [32m+[0m[0m lambda_layer_version                                = ""[0m
[0;90m22:29:41.608[0m [0;37mSTDOUT[0m [0;36mterraform: [0m          [32m+[0m[0m lambda_role_arn                                     = (known after apply)[0m
[0;90m22:29:41.608[0m [0;37mSTDOUT[0m [0;36mterraform: [0m          [32m+[0m[0m lambda_role_name                                    = "test-lambda-hash-demo-2"[0m
[0;90m22:29:41.608[0m [0;37mSTDOUT[0m [0;36mterraform: [0m          [32m+[0m[0m lambda_role_unique_id                               = (known after apply)[0m
[0;90m22:29:41.608[0m [0;37mSTDOUT[0m [0;36mterraform: [0m          [32m+[0m[0m local_filename                                      = "builds/4c4e41660762d7d38a6b98166ea2d89be01c10a4a1aa08fc8ada482d59b2db90.zip"[0m
[0;90m22:29:41.608[0m [0;37mSTDOUT[0m [0;36mterraform: [0m          [32m+[0m[0m s3_object                                           = {[0m
[0;90m22:29:41.608[0m [0;37mSTDOUT[0m [0;36mterraform: [0m              [32m+[0m[0m bucket     = [90mnull[0m[0m[0m
[0;90m22:29:41.608[0m [0;37mSTDOUT[0m [0;36mterraform: [0m              [32m+[0m[0m key        = [90mnull[0m[0m[0m
[0;90m22:29:41.608[0m [0;37mSTDOUT[0m [0;36mterraform: [0m              [32m+[0m[0m version_id = [90mnull[0m[0m[0m
[0;90m22:29:41.608[0m [0;37mSTDOUT[0m [0;36mterraform: [0m            }
[0;90m22:29:41.608[0m [0;37mSTDOUT[0m [0;36mterraform: [0m        }
[0;90m22:29:41.608[0m [0;37mSTDOUT[0m [0;36mterraform: [0m    }
[0;90m22:29:41.608[0m [0;37mSTDOUT[0m [0;36mterraform: [0m[90m[0m
[0;90m22:29:41.608[0m [0;37mSTDOUT[0m [0;36mterraform: [0m─────────────────────────────────────────────────────────────────────────────[0m[0m
[0;90m22:29:41.608[0m [0;37mSTDOUT[0m [0;36mterraform: [0mNote: You didn't use the -out option to save this plan, so Terraform can't
[0;90m22:29:41.608[0m [0;37mSTDOUT[0m [0;36mterraform: [0mguarantee to take exactly these actions if you run "terraform apply" now.
